
Microsoft Visual Studio Solution File, Format Version 12.00
# Visual Studio Version 16
VisualStudioVersion = 16.0.31829.152
MinimumVisualStudioVersion = 10.0.40219.1
Project("{FAE04EC0-301F-11D3-BF4B-00C04F79EFBC}") = "Lab14_1", "Lab14_1\Lab14_1.csproj", "{764E5B47-18A8-4168-ABAE-F7D5912008FF}"
EndProject
Global
	GlobalSection(SolutionConfigurationPlatforms) = preSolution
		Debug|Any CPU = Debug|Any CPU
		Release|Any CPU = Release|Any CPU
	EndGlobalSection
	GlobalSection(ProjectConfigurationPlatforms) = postSolution
		{764E5B47-18A8-4168-ABAE-F7D5912008FF}.Debug|Any CPU.ActiveCfg = Debug|Any CPU
		{764E5B47-18A8-4168-ABAE-F7D5912008FF}.Debug|Any CPU.Build.0 = Debug|Any CPU
		{764E5B47-18A8-4168-ABAE-F7D5912008FF}.Release|Any CPU.ActiveCfg = Release|Any CPU
		{764E5B47-18A8-4168-ABAE-F7D5912008FF}.Release|Any CPU.Build.0 = Release|Any CPU
	EndGlobalSection
	GlobalSection(SolutionProperties) = preSolution
		HideSolutionNode = FALSE
	EndGlobalSection
	GlobalSection(ExtensibilityGlobals) = postSolution
		SolutionGuid = {EF82B83D-A956-479F-923B-CD8D8E35C6ED}
	EndGlobalSection
EndGlobal
